
Microsoft Visual Studio Solution File, Format Version 12.00
# Visual Studio Version 17
VisualStudioVersion = 17.14.36518.9 d17.14
MinimumVisualStudioVersion = 10.0.40219.1
Project("{FAE04EC0-301F-11D3-BF4B-00C04F79EFBC}") = "LHP_Inventory_management_system_MVC", "LHP_Inventory_management_system_MVC\LHP_Inventory_management_system_MVC.csproj", "{64EC1216-AB12-4762-912D-AEC2BE9F20CE}"
EndProject
Global
	GlobalSection(SolutionConfigurationPlatforms) = preSolution
		Debug|Any CPU = Debug|Any CPU
		Release|Any CPU = Release|Any CPU
	EndGlobalSection
	GlobalSection(ProjectConfigurationPlatforms) = postSolution
		{64EC1216-AB12-4762-912D-AEC2BE9F20CE}.Debug|Any CPU.ActiveCfg = Debug|Any CPU
		{64EC1216-AB12-4762-912D-AEC2BE9F20CE}.Debug|Any CPU.Build.0 = Debug|Any CPU
		{64EC1216-AB12-4762-912D-AEC2BE9F20CE}.Release|Any CPU.ActiveCfg = Release|Any CPU
		{64EC1216-AB12-4762-912D-AEC2BE9F20CE}.Release|Any CPU.Build.0 = Release|Any CPU
	EndGlobalSection
	GlobalSection(SolutionProperties) = preSolution
		HideSolutionNode = FALSE
	EndGlobalSection
	GlobalSection(ExtensibilityGlobals) = postSolution
		SolutionGuid = {D7B1CA18-7ADC-438D-9221-07A020A311E9}
	EndGlobalSection
EndGlobal
